// !$*UTF8*$!
{
	archiveVersion = 1;
	classes = {
	};
	objectVersion = 46;
	objects = {

/* Begin PBXAggregateTarget section */
		B7E5F1B565CE418DA0B4C77D /* ZERO_CHECK */ = {
			isa = PBXAggregateTarget;
			buildConfigurationList = 685523B7FCF14565B486ADBE /* Build configuration list for PBXAggregateTarget "ZERO_CHECK" */;
			buildPhases = (
				7907471AE5F5468AAC75BC36 /* CMake Rules */,
			);
			dependencies = (
			);
			name = ZERO_CHECK;
			productName = ZERO_CHECK;
		};
		D96734337B09442EB900A448 /* ALL_BUILD */ = {
			isa = PBXAggregateTarget;
			buildConfigurationList = 6CE15C8F9C1C44D28D5F87B3 /* Build configuration list for PBXAggregateTarget "ALL_BUILD" */;
			buildPhases = (
				FA1EAF91CED349F58D11D36D /* CMake Rules */,
			);
			dependencies = (
				09B8E4EBA217454590F3A0C2 /* PBXTargetDependency */,
				8D90CC4166DB4E43A930DE08 /* PBXTargetDependency */,
			);
			name = ALL_BUILD;
			productName = ALL_BUILD;
		};
/* End PBXAggregateTarget section */

/* Begin PBXBuildFile section */
		0DBFA773B0794662A3D64277 /* /Users/linyingjie/work/c-projects/libhttpserver/src/http_response.cpp */ = {isa = PBXBuildFile; fileRef = 42AAFF279B8D445194B1986C /* /Users/linyingjie/work/c-projects/libhttpserver/src/http_response.cpp */; };
		1686839E2B7A4F34951BFFE3 /* /Users/linyingjie/work/c-projects/libhttpserver/src/basic_auth_fail_response.cpp */ = {isa = PBXBuildFile; fileRef = 8333000C6837428D8328D8EF /* /Users/linyingjie/work/c-projects/libhttpserver/src/basic_auth_fail_response.cpp */; };
		4C0F7B57CFC740B984158653 /* /Users/linyingjie/work/c-projects/libhttpserver/src/http_resource.cpp */ = {isa = PBXBuildFile; fileRef = 107EA210AEEA4EAF91C77E5B /* /Users/linyingjie/work/c-projects/libhttpserver/src/http_resource.cpp */; };
		77943121AB13409D9F7C15B6 /* /Users/linyingjie/work/c-projects/libhttpserver/src/deferred_response.cpp */ = {isa = PBXBuildFile; fileRef = 9DCA028D16184BB286D66D13 /* /Users/linyingjie/work/c-projects/libhttpserver/src/deferred_response.cpp */; };
		903A21520C19404DA8EEC4F3 /* /Users/linyingjie/work/c-projects/libhttpserver/src/string_utilities.cpp */ = {isa = PBXBuildFile; fileRef = F39B72BC35B04FB89B8438C3 /* /Users/linyingjie/work/c-projects/libhttpserver/src/string_utilities.cpp */; };
		AFF49888C3FD4B4A9B681916 /* /Users/linyingjie/work/c-projects/libhttpserver/src/file_response.cpp */ = {isa = PBXBuildFile; fileRef = E1F54C6C499A4347AC363631 /* /Users/linyingjie/work/c-projects/libhttpserver/src/file_response.cpp */; };
		B8D9E82E53AF496FB9F6FA27 /* /Users/linyingjie/work/c-projects/libhttpserver/src/string_response.cpp */ = {isa = PBXBuildFile; fileRef = 42F20524E9454BCB8DA18D2A /* /Users/linyingjie/work/c-projects/libhttpserver/src/string_response.cpp */; };
		C62FA2A4090B46DEA2D4FAC0 /* /Users/linyingjie/work/c-projects/libhttpserver/src/http_utils.cpp */ = {isa = PBXBuildFile; fileRef = C9A1AAB9AF2D43729E415584 /* /Users/linyingjie/work/c-projects/libhttpserver/src/http_utils.cpp */; };
		D3B487E229354F0E9529C68B /* /Users/linyingjie/work/c-projects/libhttpserver/src/digest_auth_fail_response.cpp */ = {isa = PBXBuildFile; fileRef = F1A648812549414A89F216F9 /* /Users/linyingjie/work/c-projects/libhttpserver/src/digest_auth_fail_response.cpp */; };
		D838AEA675D04F489FBF050F /* /Users/linyingjie/work/c-projects/libhttpserver/src/http_request.cpp */ = {isa = PBXBuildFile; fileRef = A7BFFE9EFA1541C08BCB9B01 /* /Users/linyingjie/work/c-projects/libhttpserver/src/http_request.cpp */; };
		EB8CB1BB5EEF477D831FF12C /* /Users/linyingjie/work/c-projects/libhttpserver/CMakeLists.txt */ = {isa = PBXBuildFile; fileRef = 0409343A2B824AD8BCD5034F /* /Users/linyingjie/work/c-projects/libhttpserver/CMakeLists.txt */; };
		F17933D0066B41E692ACB52C /* /Users/linyingjie/work/c-projects/libhttpserver/src/webserver.cpp */ = {isa = PBXBuildFile; fileRef = 7F5338F94BD74231A70A4E5A /* /Users/linyingjie/work/c-projects/libhttpserver/src/webserver.cpp */; };
/* End PBXBuildFile section */

/* Begin PBXBuildStyle section */
		312E9E5590464874986CA0AA /* Release */ = {
			isa = PBXBuildStyle;
			buildSettings = {
				COPY_PHASE_STRIP = NO;
			};
			name = Release;
		};
		A9ED7D2312CA49B3B1DDEDC8 /* Debug */ = {
			isa = PBXBuildStyle;
			buildSettings = {
				COPY_PHASE_STRIP = NO;
			};
			name = Debug;
		};
		CDAF470790414424882D289C /* RelWithDebInfo */ = {
			isa = PBXBuildStyle;
			buildSettings = {
				COPY_PHASE_STRIP = NO;
			};
			name = RelWithDebInfo;
		};
		E7C3C1FD305A426284273F9E /* MinSizeRel */ = {
			isa = PBXBuildStyle;
			buildSettings = {
				COPY_PHASE_STRIP = NO;
			};
			name = MinSizeRel;
		};
/* End PBXBuildStyle section */

/* Begin PBXContainerItemProxy section */
		1EA1F1CB47204D788D236204 /* PBXContainerItemProxy */ = {
			isa = PBXContainerItemProxy;
			containerPortal = 816C5373704B473EB4B1B4C1 /* Project object */;
			proxyType = 1;
			remoteGlobalIDString = CD9374D2778449E3BC4C1814;
			remoteInfo = LIBHTTPSERVER;
		};
		3C97643FEDC74FC3909A0F89 /* PBXContainerItemProxy */ = {
			isa = PBXContainerItemProxy;
			containerPortal = 816C5373704B473EB4B1B4C1 /* Project object */;
			proxyType = 1;
			remoteGlobalIDString = B7E5F1B565CE418DA0B4C77D;
			remoteInfo = ZERO_CHECK;
		};
		E9619BC525B944E59DAA7F9D /* PBXContainerItemProxy */ = {
			isa = PBXContainerItemProxy;
			containerPortal = 816C5373704B473EB4B1B4C1 /* Project object */;
			proxyType = 1;
			remoteGlobalIDString = B7E5F1B565CE418DA0B4C77D;
			remoteInfo = ZERO_CHECK;
		};
/* End PBXContainerItemProxy section */

/* Begin PBXFileReference section */
		0409343A2B824AD8BCD5034F /* /Users/linyingjie/work/c-projects/libhttpserver/CMakeLists.txt */ = {isa = PBXFileReference; explicitFileType = sourcecode.text; fileEncoding = 4; name = CMakeLists.txt; path = CMakeLists.txt; sourceTree = SOURCE_ROOT; };
		107EA210AEEA4EAF91C77E5B /* /Users/linyingjie/work/c-projects/libhttpserver/src/http_resource.cpp */ = {isa = PBXFileReference; explicitFileType = sourcecode; fileEncoding = 4; name = http_resource.cpp; path = src/http_resource.cpp; sourceTree = SOURCE_ROOT; };
		42AAFF279B8D445194B1986C /* /Users/linyingjie/work/c-projects/libhttpserver/src/http_response.cpp */ = {isa = PBXFileReference; explicitFileType = sourcecode; fileEncoding = 4; name = http_response.cpp; path = src/http_response.cpp; sourceTree = SOURCE_ROOT; };
		42F20524E9454BCB8DA18D2A /* /Users/linyingjie/work/c-projects/libhttpserver/src/string_response.cpp */ = {isa = PBXFileReference; explicitFileType = sourcecode; fileEncoding = 4; name = string_response.cpp; path = src/string_response.cpp; sourceTree = SOURCE_ROOT; };
		7F5338F94BD74231A70A4E5A /* /Users/linyingjie/work/c-projects/libhttpserver/src/webserver.cpp */ = {isa = PBXFileReference; explicitFileType = sourcecode; fileEncoding = 4; name = webserver.cpp; path = src/webserver.cpp; sourceTree = SOURCE_ROOT; };
		8333000C6837428D8328D8EF /* /Users/linyingjie/work/c-projects/libhttpserver/src/basic_auth_fail_response.cpp */ = {isa = PBXFileReference; explicitFileType = sourcecode; fileEncoding = 4; name = basic_auth_fail_response.cpp; path = src/basic_auth_fail_response.cpp; sourceTree = SOURCE_ROOT; };
		92B0D4CB41734D8FAA0E3D7B /* LIBHTTPSERVER */ = {isa = PBXFileReference; explicitFileType = "compiled.mach-o.dylib"; path = libLIBHTTPSERVER.dylib; sourceTree = BUILT_PRODUCTS_DIR; };
		9DCA028D16184BB286D66D13 /* /Users/linyingjie/work/c-projects/libhttpserver/src/deferred_response.cpp */ = {isa = PBXFileReference; explicitFileType = sourcecode; fileEncoding = 4; name = deferred_response.cpp; path = src/deferred_response.cpp; sourceTree = SOURCE_ROOT; };
		A7BFFE9EFA1541C08BCB9B01 /* /Users/linyingjie/work/c-projects/libhttpserver/src/http_request.cpp */ = {isa = PBXFileReference; explicitFileType = sourcecode; fileEncoding = 4; name = http_request.cpp; path = src/http_request.cpp; sourceTree = SOURCE_ROOT; };
		B5FC50281F4B40F69DFC107C /* /Users/linyingjie/work/c-projects/libhttpserver/CMakeLists.txt */ = {isa = PBXFileReference; explicitFileType = sourcecode.text; fileEncoding = 4; name = CMakeLists.txt; path = CMakeLists.txt; sourceTree = SOURCE_ROOT; };
		C9A1AAB9AF2D43729E415584 /* /Users/linyingjie/work/c-projects/libhttpserver/src/http_utils.cpp */ = {isa = PBXFileReference; explicitFileType = sourcecode; fileEncoding = 4; name = http_utils.cpp; path = src/http_utils.cpp; sourceTree = SOURCE_ROOT; };
		E1F54C6C499A4347AC363631 /* /Users/linyingjie/work/c-projects/libhttpserver/src/file_response.cpp */ = {isa = PBXFileReference; explicitFileType = sourcecode; fileEncoding = 4; name = file_response.cpp; path = src/file_response.cpp; sourceTree = SOURCE_ROOT; };
		F1A648812549414A89F216F9 /* /Users/linyingjie/work/c-projects/libhttpserver/src/digest_auth_fail_response.cpp */ = {isa = PBXFileReference; explicitFileType = sourcecode; fileEncoding = 4; name = digest_auth_fail_response.cpp; path = src/digest_auth_fail_response.cpp; sourceTree = SOURCE_ROOT; };
		F39B72BC35B04FB89B8438C3 /* /Users/linyingjie/work/c-projects/libhttpserver/src/string_utilities.cpp */ = {isa = PBXFileReference; explicitFileType = sourcecode; fileEncoding = 4; name = string_utilities.cpp; path = src/string_utilities.cpp; sourceTree = SOURCE_ROOT; };
/* End PBXFileReference section */

/* Begin PBXGroup section */
		A55F8EF5ED934D8EA755614E /* Source Files */ = {
			isa = PBXGroup;
			children = (
				8333000C6837428D8328D8EF /* /Users/linyingjie/work/c-projects/libhttpserver/src/basic_auth_fail_response.cpp */,
				9DCA028D16184BB286D66D13 /* /Users/linyingjie/work/c-projects/libhttpserver/src/deferred_response.cpp */,
				F1A648812549414A89F216F9 /* /Users/linyingjie/work/c-projects/libhttpserver/src/digest_auth_fail_response.cpp */,
				E1F54C6C499A4347AC363631 /* /Users/linyingjie/work/c-projects/libhttpserver/src/file_response.cpp */,
				A7BFFE9EFA1541C08BCB9B01 /* /Users/linyingjie/work/c-projects/libhttpserver/src/http_request.cpp */,
				107EA210AEEA4EAF91C77E5B /* /Users/linyingjie/work/c-projects/libhttpserver/src/http_resource.cpp */,
				42AAFF279B8D445194B1986C /* /Users/linyingjie/work/c-projects/libhttpserver/src/http_response.cpp */,
				C9A1AAB9AF2D43729E415584 /* /Users/linyingjie/work/c-projects/libhttpserver/src/http_utils.cpp */,
				42F20524E9454BCB8DA18D2A /* /Users/linyingjie/work/c-projects/libhttpserver/src/string_response.cpp */,
				F39B72BC35B04FB89B8438C3 /* /Users/linyingjie/work/c-projects/libhttpserver/src/string_utilities.cpp */,
				7F5338F94BD74231A70A4E5A /* /Users/linyingjie/work/c-projects/libhttpserver/src/webserver.cpp */,
			);
			name = "Source Files";
			sourceTree = "<group>";
		};
		C1E0442C3BD147D3BB4B9B42 = {
			isa = PBXGroup;
			children = (
				F497DED8A68949D0BF001C79 /* LIBHTTPSERVER */,
				FDB5A0C54FC84E83BAA91DBE /* ALL_BUILD */,
				E565E1FF61F84C69918D3D25 /* Products */,
			);
			sourceTree = "<group>";
		};
		E565E1FF61F84C69918D3D25 /* Products */ = {
			isa = PBXGroup;
			children = (
				92B0D4CB41734D8FAA0E3D7B /* LIBHTTPSERVER */,
			);
			name = Products;
			sourceTree = "<group>";
		};
		EA2ACC7D560C47B38269758F /* CMake Rules */ = {
			isa = PBXGroup;
			children = (
			);
			name = "CMake Rules";
			sourceTree = "<group>";
		};
		F497DED8A68949D0BF001C79 /* LIBHTTPSERVER */ = {
			isa = PBXGroup;
			children = (
				A55F8EF5ED934D8EA755614E /* Source Files */,
				0409343A2B824AD8BCD5034F /* /Users/linyingjie/work/c-projects/libhttpserver/CMakeLists.txt */,
			);
			name = LIBHTTPSERVER;
			sourceTree = "<group>";
		};
		FDB5A0C54FC84E83BAA91DBE /* ALL_BUILD */ = {
			isa = PBXGroup;
			children = (
				EA2ACC7D560C47B38269758F /* CMake Rules */,
				B5FC50281F4B40F69DFC107C /* /Users/linyingjie/work/c-projects/libhttpserver/CMakeLists.txt */,
			);
			name = ALL_BUILD;
			sourceTree = "<group>";
		};
/* End PBXGroup section */

/* Begin PBXNativeTarget section */
		CD9374D2778449E3BC4C1814 /* LIBHTTPSERVER */ = {
			isa = PBXNativeTarget;
			buildConfigurationList = 8458EF44F8A0413EAA3219F6 /* Build configuration list for PBXNativeTarget "LIBHTTPSERVER" */;
			buildPhases = (
				79F5DC27C98E43939FECA2B1 /* CMake PostBuild Rules */,
			);
			buildRules = (
			);
			dependencies = (
				48861BE001714A169F9496C0 /* PBXTargetDependency */,
			);
			name = LIBHTTPSERVER;
			productName = LIBHTTPSERVER;
			productReference = 92B0D4CB41734D8FAA0E3D7B /* LIBHTTPSERVER */;
			productType = "com.apple.product-type.library.dynamic";
		};
/* End PBXNativeTarget section */

/* Begin PBXProject section */
		816C5373704B473EB4B1B4C1 /* Project object */ = {
			isa = PBXProject;
			attributes = {
				BuildIndependentTargetsInParallel = YES;
				LastUpgradeCheck = 1230;
			};
			buildConfigurationList = 4750683217B8430688D220DD /* Build configuration list for PBXProject "HTTPSERVER_lib" */;
			buildSettings = {
			};
			buildStyles = (
				A9ED7D2312CA49B3B1DDEDC8 /* Debug */,
				312E9E5590464874986CA0AA /* Release */,
				E7C3C1FD305A426284273F9E /* MinSizeRel */,
				CDAF470790414424882D289C /* RelWithDebInfo */,
			);
			compatibilityVersion = "Xcode 3.2";
			hasScannedForEncodings = 0;
			mainGroup = C1E0442C3BD147D3BB4B9B42;
			projectDirPath = .;
			projectRoot = "";
			targets = (
				D96734337B09442EB900A448 /* ALL_BUILD */,
				CD9374D2778449E3BC4C1814 /* LIBHTTPSERVER */,
				B7E5F1B565CE418DA0B4C77D /* ZERO_CHECK */,
			);
		};
/* End PBXProject section */

/* Begin PBXShellScriptBuildPhase section */
		0B092F4ABBED4EBFBD262C41 = {
			isa = PBXShellScriptBuildPhase;
			buildActionMask = 2147483647;
			files = (
			);
			inputPaths = (
			);
			outputPaths = (
			);
			runOnlyForDeploymentPostprocessing = 0;
			shellPath = /bin/sh;
			shellScript = "# shell script goes here
exit 0";
			showEnvVarsInLog = 0;
		};
		19734A958B854B179000E9E5 = {
			isa = PBXShellScriptBuildPhase;
			buildActionMask = 2147483647;
			files = (
			);
			inputPaths = (
			);
			outputPaths = (
			);
			runOnlyForDeploymentPostprocessing = 0;
			shellPath = /bin/sh;
			shellScript = "# shell script goes here
exit 0";
			showEnvVarsInLog = 0;
		};
		7907471AE5F5468AAC75BC36 /* CMake Rules */ = {
			isa = PBXShellScriptBuildPhase;
			buildActionMask = 2147483647;
			files = (
			);
			name = "CMake Rules";
			runOnlyForDeploymentPostprocessing = 0;
			shellPath = /bin/sh;
			shellScript = "make -C /Users/linyingjie/work/c-projects/libhttpserver -f /Users/linyingjie/work/c-projects/libhttpserver/CMakeScripts/ZERO_CHECK_cmakeRulesBuildPhase.make$CONFIGURATION OBJDIR=$(basename \"$OBJECT_FILE_DIR_normal\") all";
			showEnvVarsInLog = 0;
		};
		79F5DC27C98E43939FECA2B1 /* CMake PostBuild Rules */ = {
			isa = PBXShellScriptBuildPhase;
			buildActionMask = 2147483647;
			files = (
			);
			name = "CMake PostBuild Rules";
			runOnlyForDeploymentPostprocessing = 0;
			shellPath = /bin/sh;
			shellScript = "make -C /Users/linyingjie/work/c-projects/libhttpserver -f /Users/linyingjie/work/c-projects/libhttpserver/CMakeScripts/LIBHTTPSERVER_postBuildPhase.make$CONFIGURATION OBJDIR=$(basename \"$OBJECT_FILE_DIR_normal\") all";
			showEnvVarsInLog = 0;
		};
		FA1EAF91CED349F58D11D36D /* CMake Rules */ = {
			isa = PBXShellScriptBuildPhase;
			buildActionMask = 2147483647;
			files = (
			);
			name = "CMake Rules";
			runOnlyForDeploymentPostprocessing = 0;
			shellPath = /bin/sh;
			shellScript = "make -C /Users/linyingjie/work/c-projects/libhttpserver -f /Users/linyingjie/work/c-projects/libhttpserver/CMakeScripts/ALL_BUILD_cmakeRulesBuildPhase.make$CONFIGURATION OBJDIR=$(basename \"$OBJECT_FILE_DIR_normal\") all";
			showEnvVarsInLog = 0;
		};
/* End PBXShellScriptBuildPhase section */

/* Begin PBXTargetDependency section */
		09B8E4EBA217454590F3A0C2 /* PBXTargetDependency */ = {
			isa = PBXTargetDependency;
			target = CD9374D2778449E3BC4C1814 /* LIBHTTPSERVER */;
			targetProxy = 1EA1F1CB47204D788D236204 /* PBXContainerItemProxy */;
		};
		48861BE001714A169F9496C0 /* PBXTargetDependency */ = {
			isa = PBXTargetDependency;
			target = B7E5F1B565CE418DA0B4C77D /* ZERO_CHECK */;
			targetProxy = E9619BC525B944E59DAA7F9D /* PBXContainerItemProxy */;
		};
		8D90CC4166DB4E43A930DE08 /* PBXTargetDependency */ = {
			isa = PBXTargetDependency;
			target = B7E5F1B565CE418DA0B4C77D /* ZERO_CHECK */;
			targetProxy = 3C97643FEDC74FC3909A0F89 /* PBXContainerItemProxy */;
		};
/* End PBXTargetDependency section */

/* Begin XCBuildConfiguration section */
		1302BE9DA7A740D181AD639E /* RelWithDebInfo */ = {
			isa = XCBuildConfiguration;
			buildSettings = {
				ONLY_ACTIVE_ARCH = YES;
				SDKROOT = /Applications/Xcode.app/Contents/Developer/Platforms/MacOSX.platform/Developer/SDKs/MacOSX11.1.sdk;
				SYMROOT = "/Users/linyingjie/work/c-projects/libhttpserver/build";
			};
			name = RelWithDebInfo;
		};
		1D500D339D3F48C3888DA7BA /* MinSizeRel */ = {
			isa = XCBuildConfiguration;
			buildSettings = {
				OTHER_LDFLAGS = "";
			};
			name = MinSizeRel;
		};
		26221EB85BD641F189E2545F /* MinSizeRel */ = {
			isa = XCBuildConfiguration;
			buildSettings = {
				COMBINE_HIDPI_IMAGES = YES;
				GCC_GENERATE_DEBUGGING_SYMBOLS = YES;
				GCC_INLINES_ARE_PRIVATE_EXTERN = NO;
				GCC_OPTIMIZATION_LEVEL = 0;
				GCC_PREPROCESSOR_DEFINITIONS = ("'CMAKE_INTDIR=\"$(CONFIGURATION)$(EFFECTIVE_PLATFORM_NAME)\"'");
				GCC_SYMBOLS_PRIVATE_EXTERN = NO;
				INSTALL_PATH = "";
				OTHER_LDFLAGS = " ";
				OTHER_REZFLAGS = "";
				PRODUCT_NAME = ZERO_CHECK;
				SECTORDER_FLAGS = "";
				SYMROOT = "/Users/linyingjie/work/c-projects/libhttpserver";
				USE_HEADERMAP = NO;
				WARNING_CFLAGS = ("$(inherited)");
			};
			name = MinSizeRel;
		};
		28B39A1AB50E4689B9313471 /* RelWithDebInfo */ = {
			isa = XCBuildConfiguration;
			buildSettings = {
				COMBINE_HIDPI_IMAGES = YES;
				GCC_GENERATE_DEBUGGING_SYMBOLS = YES;
				GCC_INLINES_ARE_PRIVATE_EXTERN = NO;
				GCC_OPTIMIZATION_LEVEL = 0;
				GCC_PREPROCESSOR_DEFINITIONS = ("'CMAKE_INTDIR=\"$(CONFIGURATION)$(EFFECTIVE_PLATFORM_NAME)\"'");
				GCC_SYMBOLS_PRIVATE_EXTERN = NO;
				INSTALL_PATH = "";
				OTHER_LDFLAGS = " ";
				OTHER_REZFLAGS = "";
				PRODUCT_NAME = ZERO_CHECK;
				SECTORDER_FLAGS = "";
				SYMROOT = "/Users/linyingjie/work/c-projects/libhttpserver";
				USE_HEADERMAP = NO;
				WARNING_CFLAGS = ("$(inherited)");
			};
			name = RelWithDebInfo;
		};
		53FA81AF49E3456B8DC6E4B9 /* RelWithDebInfo */ = {
			isa = XCBuildConfiguration;
			buildSettings = {
				OTHER_LDFLAGS = "";
			};
			name = RelWithDebInfo;
		};
		767B3241F13648E4806AB2AB /* Debug */ = {
			isa = XCBuildConfiguration;
			buildSettings = {
				OTHER_LDFLAGS = "";
			};
			name = Debug;
		};
		786CBFB6F90A418C9BAE1F0C /* MinSizeRel */ = {
			isa = XCBuildConfiguration;
			buildSettings = {
				COMBINE_HIDPI_IMAGES = YES;
				GCC_GENERATE_DEBUGGING_SYMBOLS = YES;
				GCC_INLINES_ARE_PRIVATE_EXTERN = NO;
				GCC_OPTIMIZATION_LEVEL = 0;
				GCC_PREPROCESSOR_DEFINITIONS = ("'CMAKE_INTDIR=\"$(CONFIGURATION)$(EFFECTIVE_PLATFORM_NAME)\"'");
				GCC_SYMBOLS_PRIVATE_EXTERN = NO;
				INSTALL_PATH = "";
				OTHER_LDFLAGS = " ";
				OTHER_REZFLAGS = "";
				PRODUCT_NAME = ALL_BUILD;
				SECTORDER_FLAGS = "";
				SYMROOT = "/Users/linyingjie/work/c-projects/libhttpserver";
				USE_HEADERMAP = NO;
				WARNING_CFLAGS = ("$(inherited)");
			};
			name = MinSizeRel;
		};
		7F1A8EC177244C7997151161 /* Release */ = {
			isa = XCBuildConfiguration;
			buildSettings = {
				COMBINE_HIDPI_IMAGES = YES;
				GCC_GENERATE_DEBUGGING_SYMBOLS = YES;
				GCC_INLINES_ARE_PRIVATE_EXTERN = NO;
				GCC_OPTIMIZATION_LEVEL = 0;
				GCC_PREPROCESSOR_DEFINITIONS = ("'CMAKE_INTDIR=\"$(CONFIGURATION)$(EFFECTIVE_PLATFORM_NAME)\"'");
				GCC_SYMBOLS_PRIVATE_EXTERN = NO;
				INSTALL_PATH = "";
				OTHER_LDFLAGS = " ";
				OTHER_REZFLAGS = "";
				PRODUCT_NAME = ALL_BUILD;
				SECTORDER_FLAGS = "";
				SYMROOT = "/Users/linyingjie/work/c-projects/libhttpserver";
				USE_HEADERMAP = NO;
				WARNING_CFLAGS = ("$(inherited)");
			};
			name = Release;
		};
		82CCD397FED947FD902CA3AD /* Debug */ = {
			isa = XCBuildConfiguration;
			buildSettings = {
				COMBINE_HIDPI_IMAGES = YES;
				GCC_GENERATE_DEBUGGING_SYMBOLS = YES;
				GCC_INLINES_ARE_PRIVATE_EXTERN = NO;
				GCC_OPTIMIZATION_LEVEL = 0;
				GCC_PREPROCESSOR_DEFINITIONS = ("'CMAKE_INTDIR=\"$(CONFIGURATION)$(EFFECTIVE_PLATFORM_NAME)\"'");
				GCC_SYMBOLS_PRIVATE_EXTERN = NO;
				INSTALL_PATH = "";
				OTHER_LDFLAGS = " ";
				OTHER_REZFLAGS = "";
				PRODUCT_NAME = ZERO_CHECK;
				SECTORDER_FLAGS = "";
				SYMROOT = "/Users/linyingjie/work/c-projects/libhttpserver";
				USE_HEADERMAP = NO;
				WARNING_CFLAGS = ("$(inherited)");
			};
			name = Debug;
		};
		83ECA3E4642D439289393638 /* Release */ = {
			isa = XCBuildConfiguration;
			buildSettings = {
				ONLY_ACTIVE_ARCH = YES;
				SDKROOT = /Applications/Xcode.app/Contents/Developer/Platforms/MacOSX.platform/Developer/SDKs/MacOSX11.1.sdk;
				SYMROOT = "/Users/linyingjie/work/c-projects/libhttpserver/build";
			};
			name = Release;
		};
		9F4D508D45D2446B9FCECFB5 /* Release */ = {
			isa = XCBuildConfiguration;
			buildSettings = {
				OTHER_LDFLAGS = "";
			};
			name = Release;
		};
		C30AA0270F7D400391326EC4 /* Release */ = {
			isa = XCBuildConfiguration;
			buildSettings = {
				COMBINE_HIDPI_IMAGES = YES;
				GCC_GENERATE_DEBUGGING_SYMBOLS = YES;
				GCC_INLINES_ARE_PRIVATE_EXTERN = NO;
				GCC_OPTIMIZATION_LEVEL = 0;
				GCC_PREPROCESSOR_DEFINITIONS = ("'CMAKE_INTDIR=\"$(CONFIGURATION)$(EFFECTIVE_PLATFORM_NAME)\"'");
				GCC_SYMBOLS_PRIVATE_EXTERN = NO;
				INSTALL_PATH = "";
				OTHER_LDFLAGS = " ";
				OTHER_REZFLAGS = "";
				PRODUCT_NAME = ZERO_CHECK;
				SECTORDER_FLAGS = "";
				SYMROOT = "/Users/linyingjie/work/c-projects/libhttpserver";
				USE_HEADERMAP = NO;
				WARNING_CFLAGS = ("$(inherited)");
			};
			name = Release;
		};
		C72C3C30C4194FB8B1C2E7C6 /* RelWithDebInfo */ = {
			isa = XCBuildConfiguration;
			buildSettings = {
				COMBINE_HIDPI_IMAGES = YES;
				GCC_GENERATE_DEBUGGING_SYMBOLS = YES;
				GCC_INLINES_ARE_PRIVATE_EXTERN = NO;
				GCC_OPTIMIZATION_LEVEL = 0;
				GCC_PREPROCESSOR_DEFINITIONS = ("'CMAKE_INTDIR=\"$(CONFIGURATION)$(EFFECTIVE_PLATFORM_NAME)\"'");
				GCC_SYMBOLS_PRIVATE_EXTERN = NO;
				INSTALL_PATH = "";
				OTHER_LDFLAGS = " ";
				OTHER_REZFLAGS = "";
				PRODUCT_NAME = ALL_BUILD;
				SECTORDER_FLAGS = "";
				SYMROOT = "/Users/linyingjie/work/c-projects/libhttpserver";
				USE_HEADERMAP = NO;
				WARNING_CFLAGS = ("$(inherited)");
			};
			name = RelWithDebInfo;
		};
		C79D554291014225A6428569 /* MinSizeRel */ = {
			isa = XCBuildConfiguration;
			buildSettings = {
				ONLY_ACTIVE_ARCH = YES;
				SDKROOT = /Applications/Xcode.app/Contents/Developer/Platforms/MacOSX.platform/Developer/SDKs/MacOSX11.1.sdk;
				SYMROOT = "/Users/linyingjie/work/c-projects/libhttpserver/build";
			};
			name = MinSizeRel;
		};
		C8340D6671934D1D860702CF /* Debug */ = {
			isa = XCBuildConfiguration;
			buildSettings = {
				COMBINE_HIDPI_IMAGES = YES;
				GCC_GENERATE_DEBUGGING_SYMBOLS = YES;
				GCC_INLINES_ARE_PRIVATE_EXTERN = NO;
				GCC_OPTIMIZATION_LEVEL = 0;
				GCC_PREPROCESSOR_DEFINITIONS = ("'CMAKE_INTDIR=\"$(CONFIGURATION)$(EFFECTIVE_PLATFORM_NAME)\"'");
				GCC_SYMBOLS_PRIVATE_EXTERN = NO;
				INSTALL_PATH = "";
				OTHER_LDFLAGS = " ";
				OTHER_REZFLAGS = "";
				PRODUCT_NAME = ALL_BUILD;
				SECTORDER_FLAGS = "";
				SYMROOT = "/Users/linyingjie/work/c-projects/libhttpserver";
				USE_HEADERMAP = NO;
				WARNING_CFLAGS = ("$(inherited)");
			};
			name = Debug;
		};
		F77CB36BDCA74E22932E6320 /* Debug */ = {
			isa = XCBuildConfiguration;
			buildSettings = {
				ONLY_ACTIVE_ARCH = YES;
				SDKROOT = /Applications/Xcode.app/Contents/Developer/Platforms/MacOSX.platform/Developer/SDKs/MacOSX11.1.sdk;
				SYMROOT = "/Users/linyingjie/work/c-projects/libhttpserver/build";
			};
			name = Debug;
		};
/* End XCBuildConfiguration section */

/* Begin XCConfigurationList section */
		4750683217B8430688D220DD /* Build configuration list for PBXProject "HTTPSERVER_lib" */ = {
			isa = XCConfigurationList;
			buildConfigurations = (
				F77CB36BDCA74E22932E6320 /* Debug */,
				83ECA3E4642D439289393638 /* Release */,
				C79D554291014225A6428569 /* MinSizeRel */,
				1302BE9DA7A740D181AD639E /* RelWithDebInfo */,
			);
			defaultConfigurationIsVisible = 0;
			defaultConfigurationName = Debug;
		};
		685523B7FCF14565B486ADBE /* Build configuration list for PBXAggregateTarget "ZERO_CHECK" */ = {
			isa = XCConfigurationList;
			buildConfigurations = (
				82CCD397FED947FD902CA3AD /* Debug */,
				C30AA0270F7D400391326EC4 /* Release */,
				26221EB85BD641F189E2545F /* MinSizeRel */,
				28B39A1AB50E4689B9313471 /* RelWithDebInfo */,
			);
			defaultConfigurationIsVisible = 0;
			defaultConfigurationName = Debug;
		};
		6CE15C8F9C1C44D28D5F87B3 /* Build configuration list for PBXAggregateTarget "ALL_BUILD" */ = {
			isa = XCConfigurationList;
			buildConfigurations = (
				C8340D6671934D1D860702CF /* Debug */,
				7F1A8EC177244C7997151161 /* Release */,
				786CBFB6F90A418C9BAE1F0C /* MinSizeRel */,
				C72C3C30C4194FB8B1C2E7C6 /* RelWithDebInfo */,
			);
			defaultConfigurationIsVisible = 0;
			defaultConfigurationName = Debug;
		};
		8458EF44F8A0413EAA3219F6 /* Build configuration list for PBXNativeTarget "LIBHTTPSERVER" */ = {
			isa = XCConfigurationList;
			buildConfigurations = (
				767B3241F13648E4806AB2AB /* Debug */,
				9F4D508D45D2446B9FCECFB5 /* Release */,
				1D500D339D3F48C3888DA7BA /* MinSizeRel */,
				53FA81AF49E3456B8DC6E4B9 /* RelWithDebInfo */,
			);
			defaultConfigurationIsVisible = 0;
			defaultConfigurationName = Debug;
		};
/* End XCConfigurationList section */
	};
	rootObject = 816C5373704B473EB4B1B4C1 /* Project object */;
}
